github.com/cristalhq/aconfig v0.17.0/go.mod h1:NXaRp+1e6bkO4dJn+wZ71xyaihMDYPtCSvEhMTm/H3E=
github.com/cristalhq/aconfig v0.19.0 h1:fAo9ZObtzboHnf+5eAoMfb9KTDU5G/ij8OYO2wbpmM0=
github.com/cristalhq/aconfig v0.19.0/go.mod h1:9ogrGEt9yU5V4pif/ThkVUfhj8JkdV+iDeahZGgfnDU=
github.com/cristalhq/aconfig/aconfigyaml v0.17.1 h1:xCCbRKVmKrft9gQj3gHOq6U5PduasvlXEIsxtyzmFZ0=
github.com/cristalhq/aconfig/aconfigyaml v0.17.1/go.mod h1:5DTsjHkvQ6hfbyxfG32roB1lF0U82rROtFaLxibL8V8=
github.com/hanwen/go-fuse v1.0.0/go.mod h1:unqXarDXqzAk0rt98O2tVndEPIpUgLD9+rwFisZH3Ok=
github.com/hanwen/go-fuse/v2 v2.0.2/go.mod h1:HH3ygZOoyRbP9y2q7y3+JM6hPL+Epe29IbWaS0UA81o=
github.com/hanwen/go-mtpfs v1.0.0 h1:S4YEj9tz3p8Xn9C9eX0RW8tsD8dabkm2Eq+h8yCPuC4=
github.com/hanwen/go-mtpfs v1.0.0/go.mod h1:1pNXbzfD2U3HN7Bs9pelQik+rqE0T8kY2yQhkakcP60=
github.com/hanwen/usb v0.0.0-20141217151552-69aee4530ac7 h1:fJ8PRDCj5Fa3oEwweff/QaCGUYjLjGUmCgeOUT+JkJM=
github.com/hanwen/usb v0.0.0-20141217151552-69aee4530ac7/go.mod h1:yF/X+HyjXB5nFLDk2wr03cx0BRaFJ7iaAPFGRaKnwEk=
github.com/kylelemons/godebug v0.0.0-20170820004349-d65d576e9348/go.mod h1:B69LEHPfb2qLo0BaaOLcbitczOKLWTsrBG9LczfCD4k=
github.com/kylelemons/godebug v1.1.0/go.mod h1:9/0rRGxNHcop5bhtWyNeEfOS8JIWk580+fNqagV/RAw=
github.com/mitchellh/mapstructure v1.5.0 h1:jeMsZIYE/09sWLaz43PL7Gy6RuMjD2eJVyuac5Z2hdY=
github.com/mitchellh/mapstructure v1.5.0/go.mod h1:bFUtVrKA4DC2yAKiSyO/QUcy7e+RRV2QTWOzhPopBRo=
github.com/otiai10/gosseract/v2 v2.4.1 h1:G8AyBpXEeSlcq8TI85LH/pM5SXk8Djy2GEXisgyblRw=
github.com/otiai10/gosseract/v2 v2.4.1/go.mod h1:1gNWP4Hgr2o7yqWfs6r5bZxAatjOIdqWxJLWsTsembk=
golang.org/x/sys v0.0.0-20180830151530-49385e6e1522/go.mod h1:STP8DvDyc/dI5b8T5hshtkjS+E42TnysNCUPdjciGhY=
golang.org/x/sys v0.0.0-20190826190057-c7b8b68b1456/go.mod h1:h1NjWce9XRLGQEsW7wpKNCjG9DtNlClVuFLEZdDNbEs=
gopkg.in/check.v1 v0.0.0-20161208181325-20d25e280405/go.mod h1:Co6ibVJAznAaIkqp8huTwlJQCZ016jof/cbN4VW5Yz0=
gopkg.in/yaml.v3 v3.0.1 h1:fxVm/GzAzEWqLHuvctI91KS9hhNmmWOoWu0XTYJS7CA=
gopkg.in/yaml.v3 v3.0.1/go.mod h1:K4uyk7z7BCEPqu6E+C64Yfv1cQ7kz7rIZviUmN+EgEM=
